{
  "nodes": {
    "flakeNimbleLib": {
      "inputs": {
        "nixpkgs": [
          "nixpkgs"
        ]
      },
      "locked": {
        "lastModified": 1662018438,
        "narHash": "sha256-QtNtU6+LX3Wokxf0zlFwKTFOcn6TeDjKQZ+DA9OYtvM=",
        "owner": "riinr",
        "repo": "nim-flakes-lib",
        "rev": "b1fe8340736e3a85d25c709ac3dfd82a55c03cbf",
        "type": "github"
      },
      "original": {
        "owner": "riinr",
        "ref": "master",
        "repo": "nim-flakes-lib",
        "type": "github"
      }
    },
    "kiwi-master": {
      "inputs": {
        "flakeNimbleLib": [
          "flakeNimbleLib"
        ],
        "nixpkgs": [
          "nixpkgs"
        ],
        "src-kiwi-master": "src-kiwi-master"
      },
      "locked": {
        "dir": "master",
        "lastModified": 1662254559,
        "narHash": "sha256-uQufuz5Rh8gn7xm923/cjBb909WBt591OadxqFnO2fo=",
        "owner": "nim-nix-pkgs",
        "repo": "kiwi",
        "rev": "e897e23bd5b91241211853815efe6f25ac7a2b46",
        "type": "github"
      },
      "original": {
        "dir": "master",
        "owner": "nim-nix-pkgs",
        "ref": "master",
        "repo": "kiwi",
        "type": "github"
      }
    },
    "nixpkgs": {
      "locked": {
        "lastModified": 1667110639,
        "narHash": "sha256-4FbPESZ5LbqQxkJJJBAfk/zKgF9h/4kyUwjjpJwYlbc=",
        "owner": "NixOS",
        "repo": "nixpkgs",
        "rev": "f38a1f04d1bec1feb61fd101a0539ae2002a7087",
        "type": "github"
      },
      "original": {
        "id": "nixpkgs",
        "type": "indirect"
      }
    },
    "root": {
      "inputs": {
        "flakeNimbleLib": "flakeNimbleLib",
        "kiwi-master": "kiwi-master",
        "nixpkgs": "nixpkgs"
      }
    },
    "src-kiwi-master": {
      "flake": false,
      "locked": {
        "lastModified": 1634285556,
        "narHash": "sha256-qNP9ZqxRgsTWc4hqio/5uONuIyPRrke5zKV0AfYa1Yo=",
        "owner": "yglukhov",
        "repo": "kiwi",
        "rev": "993480ebaf2bf01e133173951fc0d98106df8570",
        "type": "github"
      },
      "original": {
        "owner": "yglukhov",
        "ref": "refs/heads/master",
        "repo": "kiwi",
        "type": "github"
      }
    }
  },
  "root": "root",
  "version": 7
}
